
Microsoft Visual Studio Solution File, Format Version 12.00
# Visual Studio 14
VisualStudioVersion = 14.0.25420.1
MinimumVisualStudioVersion = 10.0.40219.1
Project("{FAE04EC0-301F-11D3-BF4B-00C04F79EFBC}") = "WarehouseManager.Server", "WMgr\WarehouseManager.Server.csproj", "{35B3FC91-6CA9-4710-88F8-139697D67863}"
EndProject
Project("{FAE04EC0-301F-11D3-BF4B-00C04F79EFBC}") = "WarehouseManager.Client", "WarehouseClient\WarehouseManager.Client.csproj", "{3647DD1C-AFF1-492F-87E4-CB8888E9E571}"
EndProject
Project("{FAE04EC0-301F-11D3-BF4B-00C04F79EFBC}") = "WarehouseManager.Server.Tests", "WarehouseManager.Tests\WarehouseManager.Server.Tests.csproj", "{CEE2BAED-39D9-4022-A8E9-C6F0B6F510A4}"
EndProject
Global
	GlobalSection(SolutionConfigurationPlatforms) = preSolution
		Debug|Any CPU = Debug|Any CPU
		Release|Any CPU = Release|Any CPU
	EndGlobalSection
	GlobalSection(ProjectConfigurationPlatforms) = postSolution
		{35B3FC91-6CA9-4710-88F8-139697D67863}.Debug|Any CPU.ActiveCfg = Debug|Any CPU
		{35B3FC91-6CA9-4710-88F8-139697D67863}.Debug|Any CPU.Build.0 = Debug|Any CPU
		{35B3FC91-6CA9-4710-88F8-139697D67863}.Release|Any CPU.ActiveCfg = Release|Any CPU
		{35B3FC91-6CA9-4710-88F8-139697D67863}.Release|Any CPU.Build.0 = Release|Any CPU
		{3647DD1C-AFF1-492F-87E4-CB8888E9E571}.Debug|Any CPU.ActiveCfg = Debug|Any CPU
		{3647DD1C-AFF1-492F-87E4-CB8888E9E571}.Debug|Any CPU.Build.0 = Debug|Any CPU
		{3647DD1C-AFF1-492F-87E4-CB8888E9E571}.Release|Any CPU.ActiveCfg = Release|Any CPU
		{3647DD1C-AFF1-492F-87E4-CB8888E9E571}.Release|Any CPU.Build.0 = Release|Any CPU
		{CEE2BAED-39D9-4022-A8E9-C6F0B6F510A4}.Debug|Any CPU.ActiveCfg = Debug|Any CPU
		{CEE2BAED-39D9-4022-A8E9-C6F0B6F510A4}.Debug|Any CPU.Build.0 = Debug|Any CPU
		{CEE2BAED-39D9-4022-A8E9-C6F0B6F510A4}.Release|Any CPU.ActiveCfg = Release|Any CPU
		{CEE2BAED-39D9-4022-A8E9-C6F0B6F510A4}.Release|Any CPU.Build.0 = Release|Any CPU
	EndGlobalSection
	GlobalSection(SolutionProperties) = preSolution
		HideSolutionNode = FALSE
	EndGlobalSection
EndGlobal
